<?xml version="1.0" encoding="UTF-8" standalone="yes" ?>
<CodeBlocks_project_file>
	<FileVersion major="1" minor="6" />
	<Project>
		<Option title="AC-130 game" />
		<Option pch_mode="2" />
		<Option compiler="gcc" />
		<Build>
			<Target title="Unix Debug">
				<Option platforms="Unix;Mac;" />
				<Option output="bin/Debug/ac130" prefix_auto="1" extension_auto="1" />
				<Option object_output="obj/Debug/" />
				<Option type="1" />
				<Option compiler="gcc" />
				<Option parameters="-w" />
				<Compiler>
					<Add option="-Wshadow" />
					<Add option="-Winline" />
					<Add option="-Wall" />
					<Add option="-pg" />
					<Add option="-g" />
				</Compiler>
				<Linker>
					<Add option="-pg" />
					<Add library="GLEW" />
					<Add library="GL" />
					<Add library="SDL" />
				</Linker>
			</Target>
			<Target title="Unix Release">
				<Option platforms="Unix;Mac;" />
				<Option output="bin/Release/ac130" prefix_auto="1" extension_auto="1" />
				<Option object_output="obj/Release/" />
				<Option type="0" />
				<Option compiler="gcc" />
				<Option parameters="-r 1280x1024" />
				<Compiler>
					<Add option="-march=athlon-4" />
					<Add option="-march=pentium3" />
					<Add option="-fomit-frame-pointer" />
					<Add option="-O2" />
					<Add option="-DNDEBUG" />
				</Compiler>
				<Linker>
					<Add option="-s" />
					<Add library="GLEW" />
					<Add library="GL" />
					<Add library="SDL" />
				</Linker>
			</Target>
			<Target title="Win32 Debug">
				<Option platforms="Windows;Unix;" />
				<Option output="bin/Debug/ac130.exe" prefix_auto="1" extension_auto="0" />
				<Option object_output="obj/Debug/" />
				<Option type="1" />
				<Option compiler="mingw_crosscompilation" />
				<Option parameters="-w" />
				<Compiler>
					<Add option="-Wall" />
					<Add option="-pg" />
					<Add option="-g" />
				</Compiler>
				<Linker>
					<Add option="-pg" />
					<Add library="mingw32" />
					<Add library="glew32s" />
					<Add library="SDLmain" />
					<Add library="SDL.dll" />
					<Add library="opengl32" />
				</Linker>
			</Target>
			<Target title="Win32 Release">
				<Option platforms="Windows;Unix;" />
				<Option output="bin/Release/ac130.exe" prefix_auto="1" extension_auto="0" />
				<Option object_output="obj/Release/" />
				<Option type="0" />
				<Option compiler="mingw_crosscompilation" />
				<Option parameters="-r 1280x1024" />
				<Compiler>
					<Add option="-march=athlon-4" />
					<Add option="-march=pentium3" />
					<Add option="-fomit-frame-pointer" />
					<Add option="-O2" />
					<Add option="-DNDEBUG" />
				</Compiler>
				<Linker>
					<Add option="-s" />
					<Add library="mingw32" />
					<Add library="glew32s" />
					<Add library="SDLmain" />
					<Add library="SDL.dll" />
					<Add library="opengl32" />
				</Linker>
			</Target>
		</Build>
		<Compiler>
			<Add option="-Wall" />
			<Add option="-msse" />
			<Add option="-msse2" />
		</Compiler>
		<Unit filename="ac130.h" />
		<Unit filename="ac_math.c">
			<Option compilerVar="CC" />
		</Unit>
		<Unit filename="ac_math.h" />
		<Unit filename="compositor_fs.glsl">
			<Option target="Unix Debug" />
			<Option target="Unix Release" />
			<Option target="Win32 Debug" />
		</Unit>
		<Unit filename="compositor_vs.glsl">
			<Option target="Unix Debug" />
			<Option target="Unix Release" />
			<Option target="Win32 Debug" />
		</Unit>
		<Unit filename="font.h" />
		<Unit filename="font_fs.glsl" />
		<Unit filename="game.c">
			<Option compilerVar="CC" />
		</Unit>
		<Unit filename="generator.c">
			<Option compilerVar="CC" />
		</Unit>
		<Unit filename="main.c">
			<Option compilerVar="CC" />
		</Unit>
		<Unit filename="prop_fs.glsl" />
		<Unit filename="prop_vs.glsl" />
		<Unit filename="r_2D.c">
			<Option compilerVar="CC" />
		</Unit>
		<Unit filename="r_fx.c">
			<Option compilerVar="CC" />
		</Unit>
		<Unit filename="r_local.h" />
		<Unit filename="r_main.c">
			<Option compilerVar="CC" />
		</Unit>
		<Unit filename="r_props.c">
			<Option compilerVar="CC" />
		</Unit>
		<Unit filename="r_shaders.c">
			<Option compilerVar="CC" />
		</Unit>
		<Unit filename="r_terrain.c">
			<Option compilerVar="CC" />
		</Unit>
		<Unit filename="terrain_fs.glsl" />
		<Unit filename="terrain_vs.glsl" />
		<Extensions>
			<code_completion />
			<envvars />
			<lib_finder disable_auto="1" />
			<debugger />
		</Extensions>
	</Project>
</CodeBlocks_project_file>
