<?xml version="1.0" encoding="UTF-8" standalone="yes" ?>
<CodeBlocks_project_file>
	<FileVersion major="1" minor="6" />
	<Project>
		<Option title="AC-130 documentation" />
		<Option pch_mode="2" />
		<Option compiler="gcc" />
		<Build>
			<Target title="Release">
				<Option output="docs/" prefix_auto="1" extension_auto="1" />
				<Option object_output="docs/" />
				<Option type="1" />
				<Option compiler="gcc" />
				<Compiler>
					<Add option="-O2" />
				</Compiler>
				<Linker>
					<Add option="-s" />
				</Linker>
			</Target>
		</Build>
		<Compiler>
			<Add option="-Wall" />
		</Compiler>
		<ExtraCommands>
			<Add before="doxygen" />
		</ExtraCommands>
		<Unit filename="src/docs/Doxyfile" />
		<Unit filename="src/docs/ac130.dox" />
		<Unit filename="src/ac130.h" />
		<Unit filename="src/ac_math.h" />
		<Unit filename="src/docs/arch.dox" />
		<Unit filename="src/docs/conclusions.dox" />
		<Unit filename="src/docs/extern_spec.dox" />
		<Unit filename="src/docs/game.dox" />
		<Unit filename="src/docs/generator.dox" />
		<Unit filename="src/docs/intern_spec.dox" />
		<Unit filename="src/docs/intro.dox" />
		<Unit filename="src/renderer/r_local.h" />
		<Unit filename="src/docs/renderer.dox" />
		<Unit filename="src/docs/testing.dox" />
		<Extensions>
			<code_completion />
			<envvars />
			<lib_finder disable_auto="1" />
			<debugger />
		</Extensions>
	</Project>
</CodeBlocks_project_file>
